PODS:
  - email_launcher (0.0.1):
    - Flutter
  - Flutter (1.0.0)
  - flutter_inappwebview (0.0.1):
    - Flutter
    - flutter_inappwebview/Core (= 0.0.1)
    - OrderedSet (~> 5.0)
  - flutter_inappwebview/Core (0.0.1):
    - Flutter
    - OrderedSet (~> 5.0)
  - flutter_network_connectivity (0.0.1):
    - Flutter
  - FMDB (2.7.5):
    - FMDB/standard (= 2.7.5)
  - FMDB/standard (2.7.5)
  - geocoding (1.0.5):
    - Flutter
  - geolocator_apple (1.2.0):
    - Flutter
  - OrderedSet (5.0.0)
  - path_provider_ios (0.0.1):
    - Flutter
  - share_plus (0.0.1):
    - Flutter
  - shared_preferences_ios (0.0.1):
    - Flutter
  - sqflite (0.0.2):
    - Flutter
    - FMDB (>= 2.7.5)
  - url_launcher_ios (0.0.1):
    - Flutter

DEPENDENCIES:
  - email_launcher (from `.symlinks/plugins/email_launcher/ios`)
  - Flutter (from `Flutter`)
  - flutter_inappwebview (from `.symlinks/plugins/flutter_inappwebview/ios`)
  - flutter_network_connectivity (from `.symlinks/plugins/flutter_network_connectivity/ios`)
  - geocoding (from `.symlinks/plugins/geocoding/ios`)
  - geolocator_apple (from `.symlinks/plugins/geolocator_apple/ios`)
  - path_provider_ios (from `.symlinks/plugins/path_provider_ios/ios`)
  - share_plus (from `.symlinks/plugins/share_plus/ios`)
  - shared_preferences_ios (from `.symlinks/plugins/shared_preferences_ios/ios`)
  - sqflite (from `.symlinks/plugins/sqflite/ios`)
  - url_launcher_ios (from `.symlinks/plugins/url_launcher_ios/ios`)

SPEC REPOS:
  trunk:
    - FMDB
    - OrderedSet

EXTERNAL SOURCES:
  email_launcher:
    :path: ".symlinks/plugins/email_launcher/ios"
  Flutter:
    :path: Flutter
  flutter_inappwebview:
    :path: ".symlinks/plugins/flutter_inappwebview/ios"
  flutter_network_connectivity:
    :path: ".symlinks/plugins/flutter_network_connectivity/ios"
  geocoding:
    :path: ".symlinks/plugins/geocoding/ios"
  geolocator_apple:
    :path: ".symlinks/plugins/geolocator_apple/ios"
  path_provider_ios:
    :path: ".symlinks/plugins/path_provider_ios/ios"
  share_plus:
    :path: ".symlinks/plugins/share_plus/ios"
  shared_preferences_ios:
    :path: ".symlinks/plugins/shared_preferences_ios/ios"
  sqflite:
    :path: ".symlinks/plugins/sqflite/ios"
  url_launcher_ios:
    :path: ".symlinks/plugins/url_launcher_ios/ios"

SPEC CHECKSUMS:
  email_launcher: 19e0f42a16a904ae74f399c4603c791a157bc6ec
  Flutter: f04841e97a9d0b0a8025694d0796dd46242b2854
  flutter_inappwebview: bfd58618f49dc62f2676de690fc6dcda1d6c3721
  flutter_network_connectivity: 4769b76bfc2f970ecfe3d9dbd5f23bb066f85a65
  FMDB: 2ce00b547f966261cd18927a3ddb07cb6f3db82a
  geocoding: 32cfcdb16d38d907caaba65e2e42ad10d38bee58
  geolocator_apple: cc556e6844d508c95df1e87e3ea6fa4e58c50401
  OrderedSet: aaeb196f7fef5a9edf55d89760da9176ad40b93c
  path_provider_ios: 14f3d2fd28c4fdb42f44e0f751d12861c43cee02
  share_plus: 056a1e8ac890df3e33cb503afffaf1e9b4fbae68
  shared_preferences_ios: 548a61f8053b9b8a49ac19c1ffbc8b92c50d68ad
  sqflite: 6d358c025f5b867b29ed92fc697fd34924e11904
  url_launcher_ios: 839c58cdb4279282219f5e248c3321761ff3c4de

PODFILE CHECKSUM: 4e8f8b2be68aeea4c0d5beb6ff1e79fface1d048

COCOAPODS: 1.11.2
